
Microsoft Visual Studio Solution File, Format Version 12.00
# Visual Studio Version 16
VisualStudioVersion = 16.0.32106.194
MinimumVisualStudioVersion = 10.0.40219.1
Project("{FAE04EC0-301F-11D3-BF4B-00C04F79EFBC}") = "WebEnergiaElectrica", "WebEnergiaElectrica.csproj", "{FCE63991-F569-4E74-9105-82E0C22DFFA2}"
EndProject
Global
	GlobalSection(SolutionConfigurationPlatforms) = preSolution
		Debug|Any CPU = Debug|Any CPU
		Release|Any CPU = Release|Any CPU
	EndGlobalSection
	GlobalSection(ProjectConfigurationPlatforms) = postSolution
		{FCE63991-F569-4E74-9105-82E0C22DFFA2}.Debug|Any CPU.ActiveCfg = Debug|Any CPU
		{FCE63991-F569-4E74-9105-82E0C22DFFA2}.Debug|Any CPU.Build.0 = Debug|Any CPU
		{FCE63991-F569-4E74-9105-82E0C22DFFA2}.Release|Any CPU.ActiveCfg = Release|Any CPU
		{FCE63991-F569-4E74-9105-82E0C22DFFA2}.Release|Any CPU.Build.0 = Release|Any CPU
	EndGlobalSection
	GlobalSection(SolutionProperties) = preSolution
		HideSolutionNode = FALSE
	EndGlobalSection
	GlobalSection(ExtensibilityGlobals) = postSolution
		SolutionGuid = {70BC7B1B-515F-414E-BFCA-362B5FAEADAA}
	EndGlobalSection
EndGlobal
